// !$*UTF8*$!
{
	archiveVersion = 1;
	classes = {
	};
	objectVersion = 56;
	objects = {

/* Begin PBXBuildFile section */
		24CBE4263C63B137BFAB9538 /* Pods_DormShop_DormShopUITests.framework in Frameworks */ = {isa = PBXBuildFile; fileRef = 25CBD85768FE9595A58E9071 /* Pods_DormShop_DormShopUITests.framework */; };
		4A675EEA519545B233B85AFE /* Pods_DormShopTests.framework in Frameworks */ = {isa = PBXBuildFile; fileRef = 5C70C95D078886CD0DCFCD22 /* Pods_DormShopTests.framework */; };
		7D55BC7D134EA83D0D8D0718 /* Pods_DormShop.framework in Frameworks */ = {isa = PBXBuildFile; fileRef = EFAEFB6CEAB86D868A9CD22D /* Pods_DormShop.framework */; };
		F61214B029923B3100C94D1C /* ProfileViewController.swift in Sources */ = {isa = PBXBuildFile; fileRef = F61214AF29923B3100C94D1C /* ProfileViewController.swift */; };
		F6F77B5F29918A73009C966C /* AppDelegate.swift in Sources */ = {isa = PBXBuildFile; fileRef = F6F77B5E29918A73009C966C /* AppDelegate.swift */; };
		F6F77B6129918A73009C966C /* SceneDelegate.swift in Sources */ = {isa = PBXBuildFile; fileRef = F6F77B6029918A73009C966C /* SceneDelegate.swift */; };
		F6F77B6329918A73009C966C /* LoginViewController.swift in Sources */ = {isa = PBXBuildFile; fileRef = F6F77B6229918A73009C966C /* LoginViewController.swift */; };
		F6F77B6629918A73009C966C /* Main.storyboard in Resources */ = {isa = PBXBuildFile; fileRef = F6F77B6429918A73009C966C /* Main.storyboard */; };
		F6F77B6829918A74009C966C /* Assets.xcassets in Resources */ = {isa = PBXBuildFile; fileRef = F6F77B6729918A74009C966C /* Assets.xcassets */; };
		F6F77B6B29918A74009C966C /* LaunchScreen.storyboard in Resources */ = {isa = PBXBuildFile; fileRef = F6F77B6929918A74009C966C /* LaunchScreen.storyboard */; };
		F6F77B7629918A75009C966C /* DormShopTests.swift in Sources */ = {isa = PBXBuildFile; fileRef = F6F77B7529918A75009C966C /* DormShopTests.swift */; };
		F6F77B8029918A75009C966C /* DormShopUITests.swift in Sources */ = {isa = PBXBuildFile; fileRef = F6F77B7F29918A75009C966C /* DormShopUITests.swift */; };
		F6F77B8229918A75009C966C /* DormShopUITestsLaunchTests.swift in Sources */ = {isa = PBXBuildFile; fileRef = F6F77B8129918A75009C966C /* DormShopUITestsLaunchTests.swift */; };
		F6F77B8F2991A3F3009C966C /* SignupViewController.swift in Sources */ = {isa = PBXBuildFile; fileRef = F6F77B8E2991A3F3009C966C /* SignupViewController.swift */; };
/* End PBXBuildFile section */

/* Begin PBXContainerItemProxy section */
		F6F77B7229918A75009C966C /* PBXContainerItemProxy */ = {
			isa = PBXContainerItemProxy;
			containerPortal = F6F77B5329918A73009C966C /* Project object */;
			proxyType = 1;
			remoteGlobalIDString = F6F77B5A29918A73009C966C;
			remoteInfo = DormShop;
		};
		F6F77B7C29918A75009C966C /* PBXContainerItemProxy */ = {
			isa = PBXContainerItemProxy;
			containerPortal = F6F77B5329918A73009C966C /* Project object */;
			proxyType = 1;
			remoteGlobalIDString = F6F77B5A29918A73009C966C;
			remoteInfo = DormShop;
		};
/* End PBXContainerItemProxy section */

/* Begin PBXFileReference section */
		20D92F9E3118F266AC8CAEC2 /* Pods-DormShop-DormShopUITests.release.xcconfig */ = {isa = PBXFileReference; includeInIndex = 1; lastKnownFileType = text.xcconfig; name = "Pods-DormShop-DormShopUITests.release.xcconfig"; path = "Target Support Files/Pods-DormShop-DormShopUITests/Pods-DormShop-DormShopUITests.release.xcconfig"; sourceTree = "<group>"; };
		25CBD85768FE9595A58E9071 /* Pods_DormShop_DormShopUITests.framework */ = {isa = PBXFileReference; explicitFileType = wrapper.framework; includeInIndex = 0; path = Pods_DormShop_DormShopUITests.framework; sourceTree = BUILT_PRODUCTS_DIR; };
		5C70C95D078886CD0DCFCD22 /* Pods_DormShopTests.framework */ = {isa = PBXFileReference; explicitFileType = wrapper.framework; includeInIndex = 0; path = Pods_DormShopTests.framework; sourceTree = BUILT_PRODUCTS_DIR; };
		AC0FB9CF78C06F906DADAA24 /* Pods-DormShopTests.debug.xcconfig */ = {isa = PBXFileReference; includeInIndex = 1; lastKnownFileType = text.xcconfig; name = "Pods-DormShopTests.debug.xcconfig"; path = "Target Support Files/Pods-DormShopTests/Pods-DormShopTests.debug.xcconfig"; sourceTree = "<group>"; };
		CF959851F38D4643598FA822 /* Pods-DormShop-DormShopUITests.debug.xcconfig */ = {isa = PBXFileReference; includeInIndex = 1; lastKnownFileType = text.xcconfig; name = "Pods-DormShop-DormShopUITests.debug.xcconfig"; path = "Target Support Files/Pods-DormShop-DormShopUITests/Pods-DormShop-DormShopUITests.debug.xcconfig"; sourceTree = "<group>"; };
		D2DEF289804B52272F0A3B73 /* Pods-DormShop.debug.xcconfig */ = {isa = PBXFileReference; includeInIndex = 1; lastKnownFileType = text.xcconfig; name = "Pods-DormShop.debug.xcconfig"; path = "Target Support Files/Pods-DormShop/Pods-DormShop.debug.xcconfig"; sourceTree = "<group>"; };
		D44800D196015EA03F4C8FA9 /* Pods-DormShopTests.release.xcconfig */ = {isa = PBXFileReference; includeInIndex = 1; lastKnownFileType = text.xcconfig; name = "Pods-DormShopTests.release.xcconfig"; path = "Target Support Files/Pods-DormShopTests/Pods-DormShopTests.release.xcconfig"; sourceTree = "<group>"; };
		EFAEFB6CEAB86D868A9CD22D /* Pods_DormShop.framework */ = {isa = PBXFileReference; explicitFileType = wrapper.framework; includeInIndex = 0; path = Pods_DormShop.framework; sourceTree = BUILT_PRODUCTS_DIR; };
		F61214AF29923B3100C94D1C /* ProfileViewController.swift */ = {isa = PBXFileReference; lastKnownFileType = sourcecode.swift; path = ProfileViewController.swift; sourceTree = "<group>"; };
		F6F77B5B29918A73009C966C /* DormShop.app */ = {isa = PBXFileReference; explicitFileType = wrapper.application; includeInIndex = 0; path = DormShop.app; sourceTree = BUILT_PRODUCTS_DIR; };
		F6F77B5E29918A73009C966C /* AppDelegate.swift */ = {isa = PBXFileReference; lastKnownFileType = sourcecode.swift; path = AppDelegate.swift; sourceTree = "<group>"; };
		F6F77B6029918A73009C966C /* SceneDelegate.swift */ = {isa = PBXFileReference; lastKnownFileType = sourcecode.swift; path = SceneDelegate.swift; sourceTree = "<group>"; };
		F6F77B6229918A73009C966C /* LoginViewController.swift */ = {isa = PBXFileReference; lastKnownFileType = sourcecode.swift; path = LoginViewController.swift; sourceTree = "<group>"; };
		F6F77B6529918A73009C966C /* Base */ = {isa = PBXFileReference; lastKnownFileType = file.storyboard; name = Base; path = Base.lproj/Main.storyboard; sourceTree = "<group>"; };
		F6F77B6729918A74009C966C /* Assets.xcassets */ = {isa = PBXFileReference; lastKnownFileType = folder.assetcatalog; path = Assets.xcassets; sourceTree = "<group>"; };
		F6F77B6A29918A74009C966C /* Base */ = {isa = PBXFileReference; lastKnownFileType = file.storyboard; name = Base; path = Base.lproj/LaunchScreen.storyboard; sourceTree = "<group>"; };
		F6F77B6C29918A74009C966C /* Info.plist */ = {isa = PBXFileReference; lastKnownFileType = text.plist.xml; path = Info.plist; sourceTree = "<group>"; };
		F6F77B7129918A75009C966C /* DormShopTests.xctest */ = {isa = PBXFileReference; explicitFileType = wrapper.cfbundle; includeInIndex = 0; path = DormShopTests.xctest; sourceTree = BUILT_PRODUCTS_DIR; };
		F6F77B7529918A75009C966C /* DormShopTests.swift */ = {isa = PBXFileReference; lastKnownFileType = sourcecode.swift; path = DormShopTests.swift; sourceTree = "<group>"; };
		F6F77B7B29918A75009C966C /* DormShopUITests.xctest */ = {isa = PBXFileReference; explicitFileType = wrapper.cfbundle; includeInIndex = 0; path = DormShopUITests.xctest; sourceTree = BUILT_PRODUCTS_DIR; };
		F6F77B7F29918A75009C966C /* DormShopUITests.swift */ = {isa = PBXFileReference; lastKnownFileType = sourcecode.swift; path = DormShopUITests.swift; sourceTree = "<group>"; };
		F6F77B8129918A75009C966C /* DormShopUITestsLaunchTests.swift */ = {isa = PBXFileReference; lastKnownFileType = sourcecode.swift; path = DormShopUITestsLaunchTests.swift; sourceTree = "<group>"; };
		F6F77B8E2991A3F3009C966C /* SignupViewController.swift */ = {isa = PBXFileReference; lastKnownFileType = sourcecode.swift; path = SignupViewController.swift; sourceTree = "<group>"; };
		FC7B30A84F7838ADAB25E1DF /* Pods-DormShop.release.xcconfig */ = {isa = PBXFileReference; includeInIndex = 1; lastKnownFileType = text.xcconfig; name = "Pods-DormShop.release.xcconfig"; path = "Target Support Files/Pods-DormShop/Pods-DormShop.release.xcconfig"; sourceTree = "<group>"; };
/* End PBXFileReference section */

/* Begin PBXFrameworksBuildPhase section */
		F6F77B5829918A73009C966C /* Frameworks */ = {
			isa = PBXFrameworksBuildPhase;
			buildActionMask = 2147483647;
			files = (
				7D55BC7D134EA83D0D8D0718 /* Pods_DormShop.framework in Frameworks */,
			);
			runOnlyForDeploymentPostprocessing = 0;
		};
		F6F77B6E29918A75009C966C /* Frameworks */ = {
			isa = PBXFrameworksBuildPhase;
			buildActionMask = 2147483647;
			files = (
				4A675EEA519545B233B85AFE /* Pods_DormShopTests.framework in Frameworks */,
			);
			runOnlyForDeploymentPostprocessing = 0;
		};
		F6F77B7829918A75009C966C /* Frameworks */ = {
			isa = PBXFrameworksBuildPhase;
			buildActionMask = 2147483647;
			files = (
				24CBE4263C63B137BFAB9538 /* Pods_DormShop_DormShopUITests.framework in Frameworks */,
			);
			runOnlyForDeploymentPostprocessing = 0;
		};
/* End PBXFrameworksBuildPhase section */

/* Begin PBXGroup section */
		AAA881B8A525D8526DF9B5E1 /* Pods */ = {
			isa = PBXGroup;
			children = (
				D2DEF289804B52272F0A3B73 /* Pods-DormShop.debug.xcconfig */,
				FC7B30A84F7838ADAB25E1DF /* Pods-DormShop.release.xcconfig */,
				CF959851F38D4643598FA822 /* Pods-DormShop-DormShopUITests.debug.xcconfig */,
				20D92F9E3118F266AC8CAEC2 /* Pods-DormShop-DormShopUITests.release.xcconfig */,
				AC0FB9CF78C06F906DADAA24 /* Pods-DormShopTests.debug.xcconfig */,
				D44800D196015EA03F4C8FA9 /* Pods-DormShopTests.release.xcconfig */,
			);
			path = Pods;
			sourceTree = "<group>";
		};
		F6F77B5229918A72009C966C = {
			isa = PBXGroup;
			children = (
				F6F77B5D29918A73009C966C /* DormShop */,
				F6F77B7429918A75009C966C /* DormShopTests */,
				F6F77B7E29918A75009C966C /* DormShopUITests */,
				F6F77B5C29918A73009C966C /* Products */,
				AAA881B8A525D8526DF9B5E1 /* Pods */,
				FCF77E184ABAB25E1E74733E /* Frameworks */,
			);
			sourceTree = "<group>";
		};
		F6F77B5C29918A73009C966C /* Products */ = {
			isa = PBXGroup;
			children = (
				F6F77B5B29918A73009C966C /* DormShop.app */,
				F6F77B7129918A75009C966C /* DormShopTests.xctest */,
				F6F77B7B29918A75009C966C /* DormShopUITests.xctest */,
			);
			name = Products;
			sourceTree = "<group>";
		};
		F6F77B5D29918A73009C966C /* DormShop */ = {
			isa = PBXGroup;
			children = (
				F6F77B5E29918A73009C966C /* AppDelegate.swift */,
				F6F77B6029918A73009C966C /* SceneDelegate.swift */,
				F6F77B6229918A73009C966C /* LoginViewController.swift */,
				F6F77B6429918A73009C966C /* Main.storyboard */,
				F6F77B6729918A74009C966C /* Assets.xcassets */,
				F6F77B6929918A74009C966C /* LaunchScreen.storyboard */,
				F6F77B6C29918A74009C966C /* Info.plist */,
				F6F77B8E2991A3F3009C966C /* SignupViewController.swift */,
				F61214AF29923B3100C94D1C /* ProfileViewController.swift */,
			);
			path = DormShop;
			sourceTree = "<group>";
		};
		F6F77B7429918A75009C966C /* DormShopTests */ = {
			isa = PBXGroup;
			children = (
				F6F77B7529918A75009C966C /* DormShopTests.swift */,
			);
			path = DormShopTests;
			sourceTree = "<group>";
		};
		F6F77B7E29918A75009C966C /* DormShopUITests */ = {
			isa = PBXGroup;
			children = (
				F6F77B7F29918A75009C966C /* DormShopUITests.swift */,
				F6F77B8129918A75009C966C /* DormShopUITestsLaunchTests.swift */,
			);
			path = DormShopUITests;
			sourceTree = "<group>";
		};
		FCF77E184ABAB25E1E74733E /* Frameworks */ = {
			isa = PBXGroup;
			children = (
				EFAEFB6CEAB86D868A9CD22D /* Pods_DormShop.framework */,
				25CBD85768FE9595A58E9071 /* Pods_DormShop_DormShopUITests.framework */,
				5C70C95D078886CD0DCFCD22 /* Pods_DormShopTests.framework */,
			);
			name = Frameworks;
			sourceTree = "<group>";
		};
/* End PBXGroup section */

/* Begin PBXNativeTarget section */
		F6F77B5A29918A73009C966C /* DormShop */ = {
			isa = PBXNativeTarget;
			buildConfigurationList = F6F77B8529918A75009C966C /* Build configuration list for PBXNativeTarget "DormShop" */;
			buildPhases = (
				A3FBCAC11994EAD9ABB4FCA3 /* [CP] Check Pods Manifest.lock */,
				F6F77B5729918A73009C966C /* Sources */,
				F6F77B5829918A73009C966C /* Frameworks */,
				F6F77B5929918A73009C966C /* Resources */,
				B391EF0DD57E71895567444B /* [CP] Embed Pods Frameworks */,
			);
			buildRules = (
			);
			dependencies = (
			);
			name = DormShop;
			productName = DormShop;
			productReference = F6F77B5B29918A73009C966C /* DormShop.app */;
			productType = "com.apple.product-type.application";
		};
		F6F77B7029918A75009C966C /* DormShopTests */ = {
			isa = PBXNativeTarget;
			buildConfigurationList = F6F77B8829918A75009C966C /* Build configuration list for PBXNativeTarget "DormShopTests" */;
			buildPhases = (
				16DCC2C9B0E460C19EF8C18B /* [CP] Check Pods Manifest.lock */,
				F6F77B6D29918A75009C966C /* Sources */,
				F6F77B6E29918A75009C966C /* Frameworks */,
				F6F77B6F29918A75009C966C /* Resources */,
			);
			buildRules = (
			);
			dependencies = (
				F6F77B7329918A75009C966C /* PBXTargetDependency */,
			);
			name = DormShopTests;
			productName = DormShopTests;
			productReference = F6F77B7129918A75009C966C /* DormShopTests.xctest */;
			productType = "com.apple.product-type.bundle.unit-test";
		};
		F6F77B7A29918A75009C966C /* DormShopUITests */ = {
			isa = PBXNativeTarget;
			buildConfigurationList = F6F77B8B29918A75009C966C /* Build configuration list for PBXNativeTarget "DormShopUITests" */;
			buildPhases = (
				E9529F2094836183A5B15A26 /* [CP] Check Pods Manifest.lock */,
				F6F77B7729918A75009C966C /* Sources */,
				F6F77B7829918A75009C966C /* Frameworks */,
				F6F77B7929918A75009C966C /* Resources */,
				3F6D98E3B8830BE5218DDEF6 /* [CP] Embed Pods Frameworks */,
			);
			buildRules = (
			);
			dependencies = (
				F6F77B7D29918A75009C966C /* PBXTargetDependency */,
			);
			name = DormShopUITests;
			productName = DormShopUITests;
			productReference = F6F77B7B29918A75009C966C /* DormShopUITests.xctest */;
			productType = "com.apple.product-type.bundle.ui-testing";
		};
/* End PBXNativeTarget section */

/* Begin PBXProject section */
		F6F77B5329918A73009C966C /* Project object */ = {
			isa = PBXProject;
			attributes = {
				BuildIndependentTargetsInParallel = 1;
				LastSwiftUpdateCheck = 1420;
				LastUpgradeCheck = 1420;
				TargetAttributes = {
					F6F77B5A29918A73009C966C = {
						CreatedOnToolsVersion = 14.2;
					};
					F6F77B7029918A75009C966C = {
						CreatedOnToolsVersion = 14.2;
						TestTargetID = F6F77B5A29918A73009C966C;
					};
					F6F77B7A29918A75009C966C = {
						CreatedOnToolsVersion = 14.2;
						TestTargetID = F6F77B5A29918A73009C966C;
					};
				};
			};
			buildConfigurationList = F6F77B5629918A73009C966C /* Build configuration list for PBXProject "DormShop" */;
			compatibilityVersion = "Xcode 14.0";
			developmentRegion = en;
			hasScannedForEncodings = 0;
			knownRegions = (
				en,
				Base,
			);
			mainGroup = F6F77B5229918A72009C966C;
			productRefGroup = F6F77B5C29918A73009C966C /* Products */;
			projectDirPath = "";
			projectRoot = "";
			targets = (
				F6F77B5A29918A73009C966C /* DormShop */,
				F6F77B7029918A75009C966C /* DormShopTests */,
				F6F77B7A29918A75009C966C /* DormShopUITests */,
			);
		};
/* End PBXProject section */

/* Begin PBXResourcesBuildPhase section */
		F6F77B5929918A73009C966C /* Resources */ = {
			isa = PBXResourcesBuildPhase;
			buildActionMask = 2147483647;
			files = (
				F6F77B6B29918A74009C966C /* LaunchScreen.storyboard in Resources */,
				F6F77B6829918A74009C966C /* Assets.xcassets in Resources */,
				F6F77B6629918A73009C966C /* Main.storyboard in Resources */,
			);
			runOnlyForDeploymentPostprocessing = 0;
		};
		F6F77B6F29918A75009C966C /* Resources */ = {
			isa = PBXResourcesBuildPhase;
			buildActionMask = 2147483647;
			files = (
			);
			runOnlyForDeploymentPostprocessing = 0;
		};
		F6F77B7929918A75009C966C /* Resources */ = {
			isa = PBXResourcesBuildPhase;
			buildActionMask = 2147483647;
			files = (
			);
			runOnlyForDeploymentPostprocessing = 0;
		};
/* End PBXResourcesBuildPhase section */

/* Begin PBXShellScriptBuildPhase section */
		16DCC2C9B0E460C19EF8C18B /* [CP] Check Pods Manifest.lock */ = {
			isa = PBXShellScriptBuildPhase;
			buildActionMask = 2147483647;
			files = (
			);
			inputFileListPaths = (
			);
			inputPaths = (
				"${PODS_PODFILE_DIR_PATH}/Podfile.lock",
				"${PODS_ROOT}/Manifest.lock",
			);
			name = "[CP] Check Pods Manifest.lock";
			outputFileListPaths = (
			);
			outputPaths = (
				"$(DERIVED_FILE_DIR)/Pods-DormShopTests-checkManifestLockResult.txt",
			);
			runOnlyForDeploymentPostprocessing = 0;
			shellPath = /bin/sh;
			shellScript = "diff \"${PODS_PODFILE_DIR_PATH}/Podfile.lock\" \"${PODS_ROOT}/Manifest.lock\" > /dev/null\nif [ $? != 0 ] ; then\n    # print error to STDERR\n    echo \"error: The sandbox is not in sync with the Podfile.lock. Run 'pod install' or update your CocoaPods installation.\" >&2\n    exit 1\nfi\n# This output is used by Xcode 'outputs' to avoid re-running this script phase.\necho \"SUCCESS\" > \"${SCRIPT_OUTPUT_FILE_0}\"\n";
			showEnvVarsInLog = 0;
		};
		3F6D98E3B8830BE5218DDEF6 /* [CP] Embed Pods Frameworks */ = {
			isa = PBXShellScriptBuildPhase;
			buildActionMask = 2147483647;
			files = (
			);
			inputFileListPaths = (
				"${PODS_ROOT}/Target Support Files/Pods-DormShop-DormShopUITests/Pods-DormShop-DormShopUITests-frameworks-${CONFIGURATION}-input-files.xcfilelist",
			);
			name = "[CP] Embed Pods Frameworks";
			outputFileListPaths = (
				"${PODS_ROOT}/Target Support Files/Pods-DormShop-DormShopUITests/Pods-DormShop-DormShopUITests-frameworks-${CONFIGURATION}-output-files.xcfilelist",
			);
			runOnlyForDeploymentPostprocessing = 0;
			shellPath = /bin/sh;
			shellScript = "\"${PODS_ROOT}/Target Support Files/Pods-DormShop-DormShopUITests/Pods-DormShop-DormShopUITests-frameworks.sh\"\n";
			showEnvVarsInLog = 0;
		};
		A3FBCAC11994EAD9ABB4FCA3 /* [CP] Check Pods Manifest.lock */ = {
			isa = PBXShellScriptBuildPhase;
			buildActionMask = 2147483647;
			files = (
			);
			inputFileListPaths = (
			);
			inputPaths = (
				"${PODS_PODFILE_DIR_PATH}/Podfile.lock",
				"${PODS_ROOT}/Manifest.lock",
			);
			name = "[CP] Check Pods Manifest.lock";
			outputFileListPaths = (
			);
			outputPaths = (
				"$(DERIVED_FILE_DIR)/Pods-DormShop-checkManifestLockResult.txt",
			);
			runOnlyForDeploymentPostprocessing = 0;
			shellPath = /bin/sh;
			shellScript = "diff \"${PODS_PODFILE_DIR_PATH}/Podfile.lock\" \"${PODS_ROOT}/Manifest.lock\" > /dev/null\nif [ $? != 0 ] ; then\n    # print error to STDERR\n    echo \"error: The sandbox is not in sync with the Podfile.lock. Run 'pod install' or update your CocoaPods installation.\" >&2\n    exit 1\nfi\n# This output is used by Xcode 'outputs' to avoid re-running this script phase.\necho \"SUCCESS\" > \"${SCRIPT_OUTPUT_FILE_0}\"\n";
			showEnvVarsInLog = 0;
		};
		B391EF0DD57E71895567444B /* [CP] Embed Pods Frameworks */ = {
			isa = PBXShellScriptBuildPhase;
			buildActionMask = 2147483647;
			files = (
			);
			inputFileListPaths = (
				"${PODS_ROOT}/Target Support Files/Pods-DormShop/Pods-DormShop-frameworks-${CONFIGURATION}-input-files.xcfilelist",
			);
			name = "[CP] Embed Pods Frameworks";
			outputFileListPaths = (
				"${PODS_ROOT}/Target Support Files/Pods-DormShop/Pods-DormShop-frameworks-${CONFIGURATION}-output-files.xcfilelist",
			);
			runOnlyForDeploymentPostprocessing = 0;
			shellPath = /bin/sh;
			shellScript = "\"${PODS_ROOT}/Target Support Files/Pods-DormShop/Pods-DormShop-frameworks.sh\"\n";
			showEnvVarsInLog = 0;
		};
		E9529F2094836183A5B15A26 /* [CP] Check Pods Manifest.lock */ = {
			isa = PBXShellScriptBuildPhase;
			buildActionMask = 2147483647;
			files = (
			);
			inputFileListPaths = (
			);
			inputPaths = (
				"${PODS_PODFILE_DIR_PATH}/Podfile.lock",
				"${PODS_ROOT}/Manifest.lock",
			);
			name = "[CP] Check Pods Manifest.lock";
			outputFileListPaths = (
			);
			outputPaths = (
				"$(DERIVED_FILE_DIR)/Pods-DormShop-DormShopUITests-checkManifestLockResult.txt",
			);
			runOnlyForDeploymentPostprocessing = 0;
			shellPath = /bin/sh;
			shellScript = "diff \"${PODS_PODFILE_DIR_PATH}/Podfile.lock\" \"${PODS_ROOT}/Manifest.lock\" > /dev/null\nif [ $? != 0 ] ; then\n    # print error to STDERR\n    echo \"error: The sandbox is not in sync with the Podfile.lock. Run 'pod install' or update your CocoaPods installation.\" >&2\n    exit 1\nfi\n# This output is used by Xcode 'outputs' to avoid re-running this script phase.\necho \"SUCCESS\" > \"${SCRIPT_OUTPUT_FILE_0}\"\n";
			showEnvVarsInLog = 0;
		};
/* End PBXShellScriptBuildPhase section */

/* Begin PBXSourcesBuildPhase section */
		F6F77B5729918A73009C966C /* Sources */ = {
			isa = PBXSourcesBuildPhase;
			buildActionMask = 2147483647;
			files = (
				F6F77B6329918A73009C966C /* LoginViewController.swift in Sources */,
				F6F77B5F29918A73009C966C /* AppDelegate.swift in Sources */,
				F61214B029923B3100C94D1C /* ProfileViewController.swift in Sources */,
				F6F77B8F2991A3F3009C966C /* SignupViewController.swift in Sources */,
				F6F77B6129918A73009C966C /* SceneDelegate.swift in Sources */,
			);
			runOnlyForDeploymentPostprocessing = 0;
		};
		F6F77B6D29918A75009C966C /* Sources */ = {
			isa = PBXSourcesBuildPhase;
			buildActionMask = 2147483647;
			files = (
				F6F77B7629918A75009C966C /* DormShopTests.swift in Sources */,
			);
			runOnlyForDeploymentPostprocessing = 0;
		};
		F6F77B7729918A75009C966C /* Sources */ = {
			isa = PBXSourcesBuildPhase;
			buildActionMask = 2147483647;
			files = (
				F6F77B8229918A75009C966C /* DormShopUITestsLaunchTests.swift in Sources */,
				F6F77B8029918A75009C966C /* DormShopUITests.swift in Sources */,
			);
			runOnlyForDeploymentPostprocessing = 0;
		};
/* End PBXSourcesBuildPhase section */

/* Begin PBXTargetDependency section */
		F6F77B7329918A75009C966C /* PBXTargetDependency */ = {
			isa = PBXTargetDependency;
			target = F6F77B5A29918A73009C966C /* DormShop */;
			targetProxy = F6F77B7229918A75009C966C /* PBXContainerItemProxy */;
		};
		F6F77B7D29918A75009C966C /* PBXTargetDependency */ = {
			isa = PBXTargetDependency;
			target = F6F77B5A29918A73009C966C /* DormShop */;
			targetProxy = F6F77B7C29918A75009C966C /* PBXContainerItemProxy */;
		};
/* End PBXTargetDependency section */

/* Begin PBXVariantGroup section */
		F6F77B6429918A73009C966C /* Main.storyboard */ = {
			isa = PBXVariantGroup;
			children = (
				F6F77B6529918A73009C966C /* Base */,
			);
			name = Main.storyboard;
			sourceTree = "<group>";
		};
		F6F77B6929918A74009C966C /* LaunchScreen.storyboard */ = {
			isa = PBXVariantGroup;
			children = (
				F6F77B6A29918A74009C966C /* Base */,
			);
			name = LaunchScreen.storyboard;
			sourceTree = "<group>";
		};
/* End PBXVariantGroup section */

/* Begin XCBuildConfiguration section */
		F6F77B8329918A75009C966C /* Debug */ = {
			isa = XCBuildConfiguration;
			buildSettings = {
				ALWAYS_SEARCH_USER_PATHS = NO;
				CLANG_ANALYZER_NONNULL = YES;
				CLANG_ANALYZER_NUMBER_OBJECT_CONVERSION = YES_AGGRESSIVE;
				CLANG_CXX_LANGUAGE_STANDARD = "gnu++20";
				CLANG_ENABLE_MODULES = YES;
				CLANG_ENABLE_OBJC_ARC = YES;
				CLANG_ENABLE_OBJC_WEAK = YES;
				CLANG_WARN_BLOCK_CAPTURE_AUTORELEASING = YES;
				CLANG_WARN_BOOL_CONVERSION = YES;
				CLANG_WARN_COMMA = YES;
				CLANG_WARN_CONSTANT_CONVERSION = YES;
				CLANG_WARN_DEPRECATED_OBJC_IMPLEMENTATIONS = YES;
				CLANG_WARN_DIRECT_OBJC_ISA_USAGE = YES_ERROR;
				CLANG_WARN_DOCUMENTATION_COMMENTS = YES;
				CLANG_WARN_EMPTY_BODY = YES;
				CLANG_WARN_ENUM_CONVERSION = YES;
				CLANG_WARN_INFINITE_RECURSION = YES;
				CLANG_WARN_INT_CONVERSION = YES;
				CLANG_WARN_NON_LITERAL_NULL_CONVERSION = YES;
				CLANG_WARN_OBJC_IMPLICIT_RETAIN_SELF = YES;
				CLANG_WARN_OBJC_LITERAL_CONVERSION = YES;
				CLANG_WARN_OBJC_ROOT_CLASS = YES_ERROR;
				CLANG_WARN_QUOTED_INCLUDE_IN_FRAMEWORK_HEADER = YES;
				CLANG_WARN_RANGE_LOOP_ANALYSIS = YES;
				CLANG_WARN_STRICT_PROTOTYPES = YES;
				CLANG_WARN_SUSPICIOUS_MOVE = YES;
				CLANG_WARN_UNGUARDED_AVAILABILITY = YES_AGGRESSIVE;
				CLANG_WARN_UNREACHABLE_CODE = YES;
				CLANG_WARN__DUPLICATE_METHOD_MATCH = YES;
				COPY_PHASE_STRIP = NO;
				DEBUG_INFORMATION_FORMAT = dwarf;
				ENABLE_STRICT_OBJC_MSGSEND = YES;
				ENABLE_TESTABILITY = YES;
				GCC_C_LANGUAGE_STANDARD = gnu11;
				GCC_DYNAMIC_NO_PIC = NO;
				GCC_NO_COMMON_BLOCKS = YES;
				GCC_OPTIMIZATION_LEVEL = 0;
				GCC_PREPROCESSOR_DEFINITIONS = (
					"DEBUG=1",
					"$(inherited)",
				);
				GCC_WARN_64_TO_32_BIT_CONVERSION = YES;
				GCC_WARN_ABOUT_RETURN_TYPE = YES_ERROR;
				GCC_WARN_UNDECLARED_SELECTOR = YES;
				GCC_WARN_UNINITIALIZED_AUTOS = YES_AGGRESSIVE;
				GCC_WARN_UNUSED_FUNCTION = YES;
				GCC_WARN_UNUSED_VARIABLE = YES;
				IPHONEOS_DEPLOYMENT_TARGET = 16.2;
				MTL_ENABLE_DEBUG_INFO = INCLUDE_SOURCE;
				MTL_FAST_MATH = YES;
				ONLY_ACTIVE_ARCH = YES;
				SDKROOT = iphoneos;
				SWIFT_ACTIVE_COMPILATION_CONDITIONS = DEBUG;
				SWIFT_OPTIMIZATION_LEVEL = "-Onone";
			};
			name = Debug;
		};
		F6F77B8429918A75009C966C /* Release */ = {
			isa = XCBuildConfiguration;
			buildSettings = {
				ALWAYS_SEARCH_USER_PATHS = NO;
				CLANG_ANALYZER_NONNULL = YES;
				CLANG_ANALYZER_NUMBER_OBJECT_CONVERSION = YES_AGGRESSIVE;
				CLANG_CXX_LANGUAGE_STANDARD = "gnu++20";
				CLANG_ENABLE_MODULES = YES;
				CLANG_ENABLE_OBJC_ARC = YES;
				CLANG_ENABLE_OBJC_WEAK = YES;
				CLANG_WARN_BLOCK_CAPTURE_AUTORELEASING = YES;
				CLANG_WARN_BOOL_CONVERSION = YES;
				CLANG_WARN_COMMA = YES;
				CLANG_WARN_CONSTANT_CONVERSION = YES;
				CLANG_WARN_DEPRECATED_OBJC_IMPLEMENTATIONS = YES;
				CLANG_WARN_DIRECT_OBJC_ISA_USAGE = YES_ERROR;
				CLANG_WARN_DOCUMENTATION_COMMENTS = YES;
				CLANG_WARN_EMPTY_BODY = YES;
				CLANG_WARN_ENUM_CONVERSION = YES;
				CLANG_WARN_INFINITE_RECURSION = YES;
				CLANG_WARN_INT_CONVERSION = YES;
				CLANG_WARN_NON_LITERAL_NULL_CONVERSION = YES;
				CLANG_WARN_OBJC_IMPLICIT_RETAIN_SELF = YES;
				CLANG_WARN_OBJC_LITERAL_CONVERSION = YES;
				CLANG_WARN_OBJC_ROOT_CLASS = YES_ERROR;
				CLANG_WARN_QUOTED_INCLUDE_IN_FRAMEWORK_HEADER = YES;
				CLANG_WARN_RANGE_LOOP_ANALYSIS = YES;
				CLANG_WARN_STRICT_PROTOTYPES = YES;
				CLANG_WARN_SUSPICIOUS_MOVE = YES;
				CLANG_WARN_UNGUARDED_AVAILABILITY = YES_AGGRESSIVE;
				CLANG_WARN_UNREACHABLE_CODE = YES;
				CLANG_WARN__DUPLICATE_METHOD_MATCH = YES;
				COPY_PHASE_STRIP = NO;
				DEBUG_INFORMATION_FORMAT = "dwarf-with-dsym";
				ENABLE_NS_ASSERTIONS = NO;
				ENABLE_STRICT_OBJC_MSGSEND = YES;
				GCC_C_LANGUAGE_STANDARD = gnu11;
				GCC_NO_COMMON_BLOCKS = YES;
				GCC_WARN_64_TO_32_BIT_CONVERSION = YES;
				GCC_WARN_ABOUT_RETURN_TYPE = YES_ERROR;
				GCC_WARN_UNDECLARED_SELECTOR = YES;
				GCC_WARN_UNINITIALIZED_AUTOS = YES_AGGRESSIVE;
				GCC_WARN_UNUSED_FUNCTION = YES;
				GCC_WARN_UNUSED_VARIABLE = YES;
				IPHONEOS_DEPLOYMENT_TARGET = 16.2;
				MTL_ENABLE_DEBUG_INFO = NO;
				MTL_FAST_MATH = YES;
				SDKROOT = iphoneos;
				SWIFT_COMPILATION_MODE = wholemodule;
				SWIFT_OPTIMIZATION_LEVEL = "-O";
				VALIDATE_PRODUCT = YES;
			};
			name = Release;
		};
		F6F77B8629918A75009C966C /* Debug */ = {
			isa = XCBuildConfiguration;
			baseConfigurationReference = D2DEF289804B52272F0A3B73 /* Pods-DormShop.debug.xcconfig */;
			buildSettings = {
				ASSETCATALOG_COMPILER_APPICON_NAME = AppIcon;
				ASSETCATALOG_COMPILER_GLOBAL_ACCENT_COLOR_NAME = AccentColor;
				CODE_SIGN_STYLE = Automatic;
				CURRENT_PROJECT_VERSION = 1;
				DEVELOPMENT_TEAM = LY57R2L8MY;
				GENERATE_INFOPLIST_FILE = YES;
				INFOPLIST_FILE = DormShop/Info.plist;
				INFOPLIST_KEY_UIApplicationSupportsIndirectInputEvents = YES;
				INFOPLIST_KEY_UILaunchStoryboardName = LaunchScreen;
				INFOPLIST_KEY_UIMainStoryboardFile = Main;
				INFOPLIST_KEY_UISupportedInterfaceOrientations_iPad = "UIInterfaceOrientationPortrait UIInterfaceOrientationPortraitUpsideDown UIInterfaceOrientationLandscapeLeft UIInterfaceOrientationLandscapeRight";
				INFOPLIST_KEY_UISupportedInterfaceOrientations_iPhone = "UIInterfaceOrientationPortrait UIInterfaceOrientationLandscapeLeft UIInterfaceOrientationLandscapeRight";
				IPHONEOS_DEPLOYMENT_TARGET = 16.1;
				LD_RUNPATH_SEARCH_PATHS = (
					"$(inherited)",
					"@executable_path/Frameworks",
				);
				MARKETING_VERSION = 1.0;
				PRODUCT_BUNDLE_IDENTIFIER = com.Pride.DormShop;
				PRODUCT_NAME = "$(TARGET_NAME)";
				SWIFT_EMIT_LOC_STRINGS = YES;
				SWIFT_VERSION = 5.0;
				TARGETED_DEVICE_FAMILY = "1,2";
			};
			name = Debug;
		};
		F6F77B8729918A75009C966C /* Release */ = {
			isa = XCBuildConfiguration;
			baseConfigurationReference = FC7B30A84F7838ADAB25E1DF /* Pods-DormShop.release.xcconfig */;
			buildSettings = {
				ASSETCATALOG_COMPILER_APPICON_NAME = AppIcon;
				ASSETCATALOG_COMPILER_GLOBAL_ACCENT_COLOR_NAME = AccentColor;
				CODE_SIGN_STYLE = Automatic;
				CURRENT_PROJECT_VERSION = 1;
				DEVELOPMENT_TEAM = LY57R2L8MY;
				GENERATE_INFOPLIST_FILE = YES;
				INFOPLIST_FILE = DormShop/Info.plist;
				INFOPLIST_KEY_UIApplicationSupportsIndirectInputEvents = YES;
				INFOPLIST_KEY_UILaunchStoryboardName = LaunchScreen;
				INFOPLIST_KEY_UIMainStoryboardFile = Main;
				INFOPLIST_KEY_UISupportedInterfaceOrientations_iPad = "UIInterfaceOrientationPortrait UIInterfaceOrientationPortraitUpsideDown UIInterfaceOrientationLandscapeLeft UIInterfaceOrientationLandscapeRight";
				INFOPLIST_KEY_UISupportedInterfaceOrientations_iPhone = "UIInterfaceOrientationPortrait UIInterfaceOrientationLandscapeLeft UIInterfaceOrientationLandscapeRight";
				IPHONEOS_DEPLOYMENT_TARGET = 16.1;
				LD_RUNPATH_SEARCH_PATHS = (
					"$(inherited)",
					"@executable_path/Frameworks",
				);
				MARKETING_VERSION = 1.0;
				PRODUCT_BUNDLE_IDENTIFIER = com.Pride.DormShop;
				PRODUCT_NAME = "$(TARGET_NAME)";
				SWIFT_EMIT_LOC_STRINGS = YES;
				SWIFT_VERSION = 5.0;
				TARGETED_DEVICE_FAMILY = "1,2";
			};
			name = Release;
		};
		F6F77B8929918A75009C966C /* Debug */ = {
			isa = XCBuildConfiguration;
			baseConfigurationReference = AC0FB9CF78C06F906DADAA24 /* Pods-DormShopTests.debug.xcconfig */;
			buildSettings = {
				ALWAYS_EMBED_SWIFT_STANDARD_LIBRARIES = YES;
				BUNDLE_LOADER = "$(TEST_HOST)";
				CODE_SIGN_STYLE = Automatic;
				CURRENT_PROJECT_VERSION = 1;
				DEVELOPMENT_TEAM = LY57R2L8MY;
				GENERATE_INFOPLIST_FILE = YES;
				IPHONEOS_DEPLOYMENT_TARGET = 16.2;
				MARKETING_VERSION = 1.0;
				PRODUCT_BUNDLE_IDENTIFIER = com.Pride.DormShopTests;
				PRODUCT_NAME = "$(TARGET_NAME)";
				SWIFT_EMIT_LOC_STRINGS = NO;
				SWIFT_VERSION = 5.0;
				TARGETED_DEVICE_FAMILY = "1,2";
				TEST_HOST = "$(BUILT_PRODUCTS_DIR)/DormShop.app/$(BUNDLE_EXECUTABLE_FOLDER_PATH)/DormShop";
			};
			name = Debug;
		};
		F6F77B8A29918A75009C966C /* Release */ = {
			isa = XCBuildConfiguration;
			baseConfigurationReference = D44800D196015EA03F4C8FA9 /* Pods-DormShopTests.release.xcconfig */;
			buildSettings = {
				ALWAYS_EMBED_SWIFT_STANDARD_LIBRARIES = YES;
				BUNDLE_LOADER = "$(TEST_HOST)";
				CODE_SIGN_STYLE = Automatic;
				CURRENT_PROJECT_VERSION = 1;
				DEVELOPMENT_TEAM = LY57R2L8MY;
				GENERATE_INFOPLIST_FILE = YES;
				IPHONEOS_DEPLOYMENT_TARGET = 16.2;
				MARKETING_VERSION = 1.0;
				PRODUCT_BUNDLE_IDENTIFIER = com.Pride.DormShopTests;
				PRODUCT_NAME = "$(TARGET_NAME)";
				SWIFT_EMIT_LOC_STRINGS = NO;
				SWIFT_VERSION = 5.0;
				TARGETED_DEVICE_FAMILY = "1,2";
				TEST_HOST = "$(BUILT_PRODUCTS_DIR)/DormShop.app/$(BUNDLE_EXECUTABLE_FOLDER_PATH)/DormShop";
			};
			name = Release;
		};
		F6F77B8C29918A75009C966C /* Debug */ = {
			isa = XCBuildConfiguration;
			baseConfigurationReference = CF959851F38D4643598FA822 /* Pods-DormShop-DormShopUITests.debug.xcconfig */;
			buildSettings = {
				ALWAYS_EMBED_SWIFT_STANDARD_LIBRARIES = YES;
				CODE_SIGN_STYLE = Automatic;
				CURRENT_PROJECT_VERSION = 1;
				DEVELOPMENT_TEAM = LY57R2L8MY;
				GENERATE_INFOPLIST_FILE = YES;
				MARKETING_VERSION = 1.0;
				PRODUCT_BUNDLE_IDENTIFIER = com.Pride.DormShopUITests;
				PRODUCT_NAME = "$(TARGET_NAME)";
				SWIFT_EMIT_LOC_STRINGS = NO;
				SWIFT_VERSION = 5.0;
				TARGETED_DEVICE_FAMILY = "1,2";
				TEST_TARGET_NAME = DormShop;
			};
			name = Debug;
		};
		F6F77B8D29918A75009C966C /* Release */ = {
			isa = XCBuildConfiguration;
			baseConfigurationReference = 20D92F9E3118F266AC8CAEC2 /* Pods-DormShop-DormShopUITests.release.xcconfig */;
			buildSettings = {
				ALWAYS_EMBED_SWIFT_STANDARD_LIBRARIES = YES;
				CODE_SIGN_STYLE = Automatic;
				CURRENT_PROJECT_VERSION = 1;
				DEVELOPMENT_TEAM = LY57R2L8MY;
				GENERATE_INFOPLIST_FILE = YES;
				MARKETING_VERSION = 1.0;
				PRODUCT_BUNDLE_IDENTIFIER = com.Pride.DormShopUITests;
				PRODUCT_NAME = "$(TARGET_NAME)";
				SWIFT_EMIT_LOC_STRINGS = NO;
				SWIFT_VERSION = 5.0;
				TARGETED_DEVICE_FAMILY = "1,2";
				TEST_TARGET_NAME = DormShop;
			};
			name = Release;
		};
/* End XCBuildConfiguration section */

/* Begin XCConfigurationList section */
		F6F77B5629918A73009C966C /* Build configuration list for PBXProject "DormShop" */ = {
			isa = XCConfigurationList;
			buildConfigurations = (
				F6F77B8329918A75009C966C /* Debug */,
				F6F77B8429918A75009C966C /* Release */,
			);
			defaultConfigurationIsVisible = 0;
			defaultConfigurationName = Release;
		};
		F6F77B8529918A75009C966C /* Build configuration list for PBXNativeTarget "DormShop" */ = {
			isa = XCConfigurationList;
			buildConfigurations = (
				F6F77B8629918A75009C966C /* Debug */,
				F6F77B8729918A75009C966C /* Release */,
			);
			defaultConfigurationIsVisible = 0;
			defaultConfigurationName = Release;
		};
		F6F77B8829918A75009C966C /* Build configuration list for PBXNativeTarget "DormShopTests" */ = {
			isa = XCConfigurationList;
			buildConfigurations = (
				F6F77B8929918A75009C966C /* Debug */,
				F6F77B8A29918A75009C966C /* Release */,
			);
			defaultConfigurationIsVisible = 0;
			defaultConfigurationName = Release;
		};
		F6F77B8B29918A75009C966C /* Build configuration list for PBXNativeTarget "DormShopUITests" */ = {
			isa = XCConfigurationList;
			buildConfigurations = (
				F6F77B8C29918A75009C966C /* Debug */,
				F6F77B8D29918A75009C966C /* Release */,
			);
			defaultConfigurationIsVisible = 0;
			defaultConfigurationName = Release;
		};
/* End XCConfigurationList section */
	};
	rootObject = F6F77B5329918A73009C966C /* Project object */;
}
